// !$*UTF8*$!
{
	archiveVersion = 1;
	classes = {
	};
	objectVersion = 55;
	objects = {

/* Begin PBXBuildFile section */
		1618D8D0282FF874009DC3AF /* AppDelegate.swift in Sources */ = {isa = PBXBuildFile; fileRef = 1618D8CF282FF874009DC3AF /* AppDelegate.swift */; };
		1618D8D2282FF874009DC3AF /* SceneDelegate.swift in Sources */ = {isa = PBXBuildFile; fileRef = 1618D8D1282FF874009DC3AF /* SceneDelegate.swift */; };
		1618D8D4282FF874009DC3AF /* DateViewController.swift in Sources */ = {isa = PBXBuildFile; fileRef = 1618D8D3282FF874009DC3AF /* DateViewController.swift */; };
		1618D8D7282FF874009DC3AF /* Main.storyboard in Resources */ = {isa = PBXBuildFile; fileRef = 1618D8D5282FF874009DC3AF /* Main.storyboard */; };
		1618D8DA282FF874009DC3AF /* Moton.xcdatamodeld in Sources */ = {isa = PBXBuildFile; fileRef = 1618D8D8282FF874009DC3AF /* Moton.xcdatamodeld */; };
		1618D8DC282FF876009DC3AF /* Assets.xcassets in Resources */ = {isa = PBXBuildFile; fileRef = 1618D8DB282FF876009DC3AF /* Assets.xcassets */; };
		1618D8DF282FF876009DC3AF /* LaunchScreen.storyboard in Resources */ = {isa = PBXBuildFile; fileRef = 1618D8DD282FF876009DC3AF /* LaunchScreen.storyboard */; };
		16247FCA2832527100D885B3 /* Schedule.swift in Sources */ = {isa = PBXBuildFile; fileRef = 16247FC92832527100D885B3 /* Schedule.swift */; };
		16247FCC2832843B00D885B3 /* Date+Moton.swift in Sources */ = {isa = PBXBuildFile; fileRef = 16247FCB2832843B00D885B3 /* Date+Moton.swift */; };
		163BC66328354E06009CFBD8 /* DateRecommendation.swift in Sources */ = {isa = PBXBuildFile; fileRef = 163BC66228354E06009CFBD8 /* DateRecommendation.swift */; };
		16BF2D342837CE240012CA7C /* SummaryViewController.swift in Sources */ = {isa = PBXBuildFile; fileRef = 16BF2D332837CE240012CA7C /* SummaryViewController.swift */; };
		16BF2D372837D0D40012CA7C /* DateTableViewCell.swift in Sources */ = {isa = PBXBuildFile; fileRef = 16BF2D352837D0D40012CA7C /* DateTableViewCell.swift */; };
		16BF2D382837D0D40012CA7C /* DateTableViewCell.xib in Resources */ = {isa = PBXBuildFile; fileRef = 16BF2D362837D0D40012CA7C /* DateTableViewCell.xib */; };
		16BF2D3D283881640012CA7C /* DetailViewController.swift in Sources */ = {isa = PBXBuildFile; fileRef = 16BF2D3C283881640012CA7C /* DetailViewController.swift */; };
		16BF2D432838A51D0012CA7C /* UpCommingTableViewCell.swift in Sources */ = {isa = PBXBuildFile; fileRef = 16BF2D412838A51D0012CA7C /* UpCommingTableViewCell.swift */; };
		16BF2D442838A51D0012CA7C /* UpCommingTableViewCell.xib in Resources */ = {isa = PBXBuildFile; fileRef = 16BF2D422838A51D0012CA7C /* UpCommingTableViewCell.xib */; };
		16BF2D462838A53D0012CA7C /* UpCommingViewController.swift in Sources */ = {isa = PBXBuildFile; fileRef = 16BF2D452838A53D0012CA7C /* UpCommingViewController.swift */; };
		4F8C31E028372BCC00DBD784 /* BackupViewController.swift in Sources */ = {isa = PBXBuildFile; fileRef = 4F8C31DF28372BCC00DBD784 /* BackupViewController.swift */; };
		4F9EA8F328315E2300CE6920 /* JournalViewController.swift in Sources */ = {isa = PBXBuildFile; fileRef = 4F9EA8F228315E2300CE6920 /* JournalViewController.swift */; };
		4F9EA8F528315E3300CE6920 /* WatchHistoryViewController.swift in Sources */ = {isa = PBXBuildFile; fileRef = 4F9EA8F428315E3300CE6920 /* WatchHistoryViewController.swift */; };
		ADCFDA332837EF61008DE69B /* FormAddEventViewController.swift in Sources */ = {isa = PBXBuildFile; fileRef = ADCFDA322837EF61008DE69B /* FormAddEventViewController.swift */; };
		ADE680582832264600B734C9 /* JournalListTableViewCell.swift in Sources */ = {isa = PBXBuildFile; fileRef = ADE680562832264600B734C9 /* JournalListTableViewCell.swift */; };
		ADE680592832264600B734C9 /* JournalListTableViewCell.xib in Resources */ = {isa = PBXBuildFile; fileRef = ADE680572832264600B734C9 /* JournalListTableViewCell.xib */; };
		ADE6805C2832269900B734C9 /* ScheduleListTableViewCell.swift in Sources */ = {isa = PBXBuildFile; fileRef = ADE6805A2832269900B734C9 /* ScheduleListTableViewCell.swift */; };
		ADE6805D2832269900B734C9 /* ScheduleListTableViewCell.xib in Resources */ = {isa = PBXBuildFile; fileRef = ADE6805B2832269900B734C9 /* ScheduleListTableViewCell.xib */; };
		ADE68060283226CE00B734C9 /* HistoryListTableViewCell.swift in Sources */ = {isa = PBXBuildFile; fileRef = ADE6805E283226CE00B734C9 /* HistoryListTableViewCell.swift */; };
		ADE68061283226CE00B734C9 /* HistoryListTableViewCell.xib in Resources */ = {isa = PBXBuildFile; fileRef = ADE6805F283226CE00B734C9 /* HistoryListTableViewCell.xib */; };
		ADE68064283226E700B734C9 /* DateRecommendationTableViewCell.swift in Sources */ = {isa = PBXBuildFile; fileRef = ADE68062283226E700B734C9 /* DateRecommendationTableViewCell.swift */; };
		ADE68065283226E700B734C9 /* DateRecommendationTableViewCell.xib in Resources */ = {isa = PBXBuildFile; fileRef = ADE68063283226E700B734C9 /* DateRecommendationTableViewCell.xib */; };
/* End PBXBuildFile section */

/* Begin PBXFileReference section */
		1618D8CC282FF874009DC3AF /* Moton.app */ = {isa = PBXFileReference; explicitFileType = wrapper.application; includeInIndex = 0; path = Moton.app; sourceTree = BUILT_PRODUCTS_DIR; };
		1618D8CF282FF874009DC3AF /* AppDelegate.swift */ = {isa = PBXFileReference; lastKnownFileType = sourcecode.swift; path = AppDelegate.swift; sourceTree = "<group>"; };
		1618D8D1282FF874009DC3AF /* SceneDelegate.swift */ = {isa = PBXFileReference; lastKnownFileType = sourcecode.swift; path = SceneDelegate.swift; sourceTree = "<group>"; };
		1618D8D3282FF874009DC3AF /* DateViewController.swift */ = {isa = PBXFileReference; lastKnownFileType = sourcecode.swift; path = DateViewController.swift; sourceTree = "<group>"; };
		1618D8D6282FF874009DC3AF /* Base */ = {isa = PBXFileReference; lastKnownFileType = file.storyboard; name = Base; path = Base.lproj/Main.storyboard; sourceTree = "<group>"; };
		1618D8D9282FF874009DC3AF /* Moton.xcdatamodel */ = {isa = PBXFileReference; lastKnownFileType = wrapper.xcdatamodel; path = Moton.xcdatamodel; sourceTree = "<group>"; };
		1618D8DB282FF876009DC3AF /* Assets.xcassets */ = {isa = PBXFileReference; lastKnownFileType = folder.assetcatalog; path = Assets.xcassets; sourceTree = "<group>"; };
		1618D8DE282FF876009DC3AF /* Base */ = {isa = PBXFileReference; lastKnownFileType = file.storyboard; name = Base; path = Base.lproj/LaunchScreen.storyboard; sourceTree = "<group>"; };
		1618D8E0282FF876009DC3AF /* Info.plist */ = {isa = PBXFileReference; lastKnownFileType = text.plist.xml; path = Info.plist; sourceTree = "<group>"; };
		16247FC92832527100D885B3 /* Schedule.swift */ = {isa = PBXFileReference; lastKnownFileType = sourcecode.swift; path = Schedule.swift; sourceTree = "<group>"; };
		16247FCB2832843B00D885B3 /* Date+Moton.swift */ = {isa = PBXFileReference; lastKnownFileType = sourcecode.swift; path = "Date+Moton.swift"; sourceTree = "<group>"; };
		163BC66228354E06009CFBD8 /* DateRecommendation.swift */ = {isa = PBXFileReference; lastKnownFileType = sourcecode.swift; path = DateRecommendation.swift; sourceTree = "<group>"; };
		16BF2D332837CE240012CA7C /* SummaryViewController.swift */ = {isa = PBXFileReference; lastKnownFileType = sourcecode.swift; path = SummaryViewController.swift; sourceTree = "<group>"; };
		16BF2D352837D0D40012CA7C /* DateTableViewCell.swift */ = {isa = PBXFileReference; lastKnownFileType = sourcecode.swift; path = DateTableViewCell.swift; sourceTree = "<group>"; };
		16BF2D362837D0D40012CA7C /* DateTableViewCell.xib */ = {isa = PBXFileReference; lastKnownFileType = file.xib; path = DateTableViewCell.xib; sourceTree = "<group>"; };
		16BF2D3C283881640012CA7C /* DetailViewController.swift */ = {isa = PBXFileReference; lastKnownFileType = sourcecode.swift; path = DetailViewController.swift; sourceTree = "<group>"; };
		16BF2D412838A51D0012CA7C /* UpCommingTableViewCell.swift */ = {isa = PBXFileReference; lastKnownFileType = sourcecode.swift; path = UpCommingTableViewCell.swift; sourceTree = "<group>"; };
		16BF2D422838A51D0012CA7C /* UpCommingTableViewCell.xib */ = {isa = PBXFileReference; lastKnownFileType = file.xib; path = UpCommingTableViewCell.xib; sourceTree = "<group>"; };
		16BF2D452838A53D0012CA7C /* UpCommingViewController.swift */ = {isa = PBXFileReference; lastKnownFileType = sourcecode.swift; path = UpCommingViewController.swift; sourceTree = "<group>"; };
		4F8C31DF28372BCC00DBD784 /* BackupViewController.swift */ = {isa = PBXFileReference; lastKnownFileType = sourcecode.swift; path = BackupViewController.swift; sourceTree = "<group>"; };
		4F9EA8F228315E2300CE6920 /* JournalViewController.swift */ = {isa = PBXFileReference; lastKnownFileType = sourcecode.swift; path = JournalViewController.swift; sourceTree = "<group>"; };
		4F9EA8F428315E3300CE6920 /* WatchHistoryViewController.swift */ = {isa = PBXFileReference; lastKnownFileType = sourcecode.swift; path = WatchHistoryViewController.swift; sourceTree = "<group>"; };
		ADCFDA322837EF61008DE69B /* FormAddEventViewController.swift */ = {isa = PBXFileReference; lastKnownFileType = sourcecode.swift; path = FormAddEventViewController.swift; sourceTree = "<group>"; };
		ADE680562832264600B734C9 /* JournalListTableViewCell.swift */ = {isa = PBXFileReference; lastKnownFileType = sourcecode.swift; path = JournalListTableViewCell.swift; sourceTree = "<group>"; };
		ADE680572832264600B734C9 /* JournalListTableViewCell.xib */ = {isa = PBXFileReference; lastKnownFileType = file.xib; path = JournalListTableViewCell.xib; sourceTree = "<group>"; };
		ADE6805A2832269900B734C9 /* ScheduleListTableViewCell.swift */ = {isa = PBXFileReference; lastKnownFileType = sourcecode.swift; path = ScheduleListTableViewCell.swift; sourceTree = "<group>"; };
		ADE6805B2832269900B734C9 /* ScheduleListTableViewCell.xib */ = {isa = PBXFileReference; lastKnownFileType = file.xib; path = ScheduleListTableViewCell.xib; sourceTree = "<group>"; };
		ADE6805E283226CE00B734C9 /* HistoryListTableViewCell.swift */ = {isa = PBXFileReference; lastKnownFileType = sourcecode.swift; path = HistoryListTableViewCell.swift; sourceTree = "<group>"; };
		ADE6805F283226CE00B734C9 /* HistoryListTableViewCell.xib */ = {isa = PBXFileReference; lastKnownFileType = file.xib; path = HistoryListTableViewCell.xib; sourceTree = "<group>"; };
		ADE68062283226E700B734C9 /* DateRecommendationTableViewCell.swift */ = {isa = PBXFileReference; lastKnownFileType = sourcecode.swift; path = DateRecommendationTableViewCell.swift; sourceTree = "<group>"; };
		ADE68063283226E700B734C9 /* DateRecommendationTableViewCell.xib */ = {isa = PBXFileReference; lastKnownFileType = file.xib; path = DateRecommendationTableViewCell.xib; sourceTree = "<group>"; };
/* End PBXFileReference section */

/* Begin PBXFrameworksBuildPhase section */
		1618D8C9282FF874009DC3AF /* Frameworks */ = {
			isa = PBXFrameworksBuildPhase;
			buildActionMask = 2147483647;
			files = (
			);
			runOnlyForDeploymentPostprocessing = 0;
		};
/* End PBXFrameworksBuildPhase section */

/* Begin PBXGroup section */
		1618D8C3282FF874009DC3AF = {
			isa = PBXGroup;
			children = (
				1618D8CE282FF874009DC3AF /* Moton */,
				1618D8CD282FF874009DC3AF /* Products */,
			);
			sourceTree = "<group>";
		};
		1618D8CD282FF874009DC3AF /* Products */ = {
			isa = PBXGroup;
			children = (
				1618D8CC282FF874009DC3AF /* Moton.app */,
			);
			name = Products;
			sourceTree = "<group>";
		};
		1618D8CE282FF874009DC3AF /* Moton */ = {
			isa = PBXGroup;
			children = (
				16247FC5283250FD00D885B3 /* Base */,
				16247FC4283250F100D885B3 /* Model */,
				16247FC3283250E900D885B3 /* Controller */,
				16247FC2283250E000D885B3 /* View */,
				1618D8DB282FF876009DC3AF /* Assets.xcassets */,
				1618D8E0282FF876009DC3AF /* Info.plist */,
				1618D8D8282FF874009DC3AF /* Moton.xcdatamodeld */,
			);
			path = Moton;
			sourceTree = "<group>";
		};
		16247FC2283250E000D885B3 /* View */ = {
			isa = PBXGroup;
			children = (
				16BF2D422838A51D0012CA7C /* UpCommingTableViewCell.xib */,
				16BF2D362837D0D40012CA7C /* DateTableViewCell.xib */,
				ADE680572832264600B734C9 /* JournalListTableViewCell.xib */,
				ADE6805B2832269900B734C9 /* ScheduleListTableViewCell.xib */,
				ADE6805F283226CE00B734C9 /* HistoryListTableViewCell.xib */,
				ADE68063283226E700B734C9 /* DateRecommendationTableViewCell.xib */,
				1618D8D5282FF874009DC3AF /* Main.storyboard */,
				1618D8DD282FF876009DC3AF /* LaunchScreen.storyboard */,
			);
			path = View;
			sourceTree = "<group>";
		};
		16247FC3283250E900D885B3 /* Controller */ = {
			isa = PBXGroup;
			children = (
				16BF2D472838A5650012CA7C /* Form */,
				16BF2D402838A4EB0012CA7C /* UpComming */,
				16BF2D3F283897F70012CA7C /* Detail */,
				16247FC72832514900D885B3 /* Date */,
				16247FC62832513D00D885B3 /* Journal */,
				16247FC82832515C00D885B3 /* History */,
				4F8C31DF28372BCC00DBD784 /* BackupViewController.swift */,
			);
			path = Controller;
			sourceTree = "<group>";
		};
		16247FC4283250F100D885B3 /* Model */ = {
			isa = PBXGroup;
			children = (
				16247FC92832527100D885B3 /* Schedule.swift */,
				16247FCB2832843B00D885B3 /* Date+Moton.swift */,
				163BC66228354E06009CFBD8 /* DateRecommendation.swift */,
			);
			path = Model;
			sourceTree = "<group>";
		};
		16247FC5283250FD00D885B3 /* Base */ = {
			isa = PBXGroup;
			children = (
				1618D8CF282FF874009DC3AF /* AppDelegate.swift */,
				1618D8D1282FF874009DC3AF /* SceneDelegate.swift */,
			);
			path = Base;
			sourceTree = "<group>";
		};
		16247FC62832513D00D885B3 /* Journal */ = {
			isa = PBXGroup;
			children = (
				4F9EA8F228315E2300CE6920 /* JournalViewController.swift */,
				ADE680562832264600B734C9 /* JournalListTableViewCell.swift */,
			);
			path = Journal;
			sourceTree = "<group>";
		};
		16247FC72832514900D885B3 /* Date */ = {
			isa = PBXGroup;
			children = (
				16BF2D3E283892A50012CA7C /* Cell */,
				1618D8D3282FF874009DC3AF /* DateViewController.swift */,
				16BF2D332837CE240012CA7C /* SummaryViewController.swift */,
			);
			path = Date;
			sourceTree = "<group>";
		};
		16247FC82832515C00D885B3 /* History */ = {
			isa = PBXGroup;
			children = (
				4F9EA8F428315E3300CE6920 /* WatchHistoryViewController.swift */,
				ADE6805E283226CE00B734C9 /* HistoryListTableViewCell.swift */,
			);
			path = History;
			sourceTree = "<group>";
		};
		16BF2D3E283892A50012CA7C /* Cell */ = {
			isa = PBXGroup;
			children = (
				ADE6805A2832269900B734C9 /* ScheduleListTableViewCell.swift */,
				16BF2D352837D0D40012CA7C /* DateTableViewCell.swift */,
			);
			path = Cell;
			sourceTree = "<group>";
		};
		16BF2D3F283897F70012CA7C /* Detail */ = {
			isa = PBXGroup;
			children = (
				16BF2D3C283881640012CA7C /* DetailViewController.swift */,
				ADE68062283226E700B734C9 /* DateRecommendationTableViewCell.swift */,
			);
			path = Detail;
			sourceTree = "<group>";
		};
		16BF2D402838A4EB0012CA7C /* UpComming */ = {
			isa = PBXGroup;
			children = (
				16BF2D452838A53D0012CA7C /* UpCommingViewController.swift */,
				16BF2D412838A51D0012CA7C /* UpCommingTableViewCell.swift */,
			);
			path = UpComming;
			sourceTree = "<group>";
		};
		16BF2D472838A5650012CA7C /* Form */ = {
			isa = PBXGroup;
			children = (
				ADCFDA322837EF61008DE69B /* FormAddEventViewController.swift */,
			);
			path = Form;
			sourceTree = "<group>";
		};
/* End PBXGroup section */

/* Begin PBXNativeTarget section */
		1618D8CB282FF874009DC3AF /* Moton */ = {
			isa = PBXNativeTarget;
			buildConfigurationList = 1618D8E3282FF876009DC3AF /* Build configuration list for PBXNativeTarget "Moton" */;
			buildPhases = (
				1618D8C8282FF874009DC3AF /* Sources */,
				1618D8C9282FF874009DC3AF /* Frameworks */,
				1618D8CA282FF874009DC3AF /* Resources */,
			);
			buildRules = (
			);
			dependencies = (
			);
			name = Moton;
			productName = Moton;
			productReference = 1618D8CC282FF874009DC3AF /* Moton.app */;
			productType = "com.apple.product-type.application";
		};
/* End PBXNativeTarget section */

/* Begin PBXProject section */
		1618D8C4282FF874009DC3AF /* Project object */ = {
			isa = PBXProject;
			attributes = {
				BuildIndependentTargetsInParallel = 1;
				LastSwiftUpdateCheck = 1330;
				LastUpgradeCheck = 1330;
				TargetAttributes = {
					1618D8CB282FF874009DC3AF = {
						CreatedOnToolsVersion = 13.3.1;
					};
				};
			};
			buildConfigurationList = 1618D8C7282FF874009DC3AF /* Build configuration list for PBXProject "Moton" */;
			compatibilityVersion = "Xcode 13.0";
			developmentRegion = en;
			hasScannedForEncodings = 0;
			knownRegions = (
				en,
				Base,
			);
			mainGroup = 1618D8C3282FF874009DC3AF;
			productRefGroup = 1618D8CD282FF874009DC3AF /* Products */;
			projectDirPath = "";
			projectRoot = "";
			targets = (
				1618D8CB282FF874009DC3AF /* Moton */,
			);
		};
/* End PBXProject section */

/* Begin PBXResourcesBuildPhase section */
		1618D8CA282FF874009DC3AF /* Resources */ = {
			isa = PBXResourcesBuildPhase;
			buildActionMask = 2147483647;
			files = (
				16BF2D442838A51D0012CA7C /* UpCommingTableViewCell.xib in Resources */,
				16BF2D382837D0D40012CA7C /* DateTableViewCell.xib in Resources */,
				ADE680592832264600B734C9 /* JournalListTableViewCell.xib in Resources */,
				1618D8DF282FF876009DC3AF /* LaunchScreen.storyboard in Resources */,
				ADE68065283226E700B734C9 /* DateRecommendationTableViewCell.xib in Resources */,
				ADE68061283226CE00B734C9 /* HistoryListTableViewCell.xib in Resources */,
				1618D8DC282FF876009DC3AF /* Assets.xcassets in Resources */,
				ADE6805D2832269900B734C9 /* ScheduleListTableViewCell.xib in Resources */,
				1618D8D7282FF874009DC3AF /* Main.storyboard in Resources */,
			);
			runOnlyForDeploymentPostprocessing = 0;
		};
/* End PBXResourcesBuildPhase section */

/* Begin PBXSourcesBuildPhase section */
		1618D8C8282FF874009DC3AF /* Sources */ = {
			isa = PBXSourcesBuildPhase;
			buildActionMask = 2147483647;
			files = (
				1618D8D4282FF874009DC3AF /* DateViewController.swift in Sources */,
				1618D8D0282FF874009DC3AF /* AppDelegate.swift in Sources */,
				16247FCA2832527100D885B3 /* Schedule.swift in Sources */,
				163BC66328354E06009CFBD8 /* DateRecommendation.swift in Sources */,
				16BF2D432838A51D0012CA7C /* UpCommingTableViewCell.swift in Sources */,
				4F8C31E028372BCC00DBD784 /* BackupViewController.swift in Sources */,
				16BF2D462838A53D0012CA7C /* UpCommingViewController.swift in Sources */,
				1618D8D2282FF874009DC3AF /* SceneDelegate.swift in Sources */,
				ADE680582832264600B734C9 /* JournalListTableViewCell.swift in Sources */,
				16BF2D342837CE240012CA7C /* SummaryViewController.swift in Sources */,
				1618D8DA282FF874009DC3AF /* Moton.xcdatamodeld in Sources */,
				16BF2D3D283881640012CA7C /* DetailViewController.swift in Sources */,
				ADCFDA332837EF61008DE69B /* FormAddEventViewController.swift in Sources */,
				4F9EA8F528315E3300CE6920 /* WatchHistoryViewController.swift in Sources */,
				ADE68064283226E700B734C9 /* DateRecommendationTableViewCell.swift in Sources */,
				16BF2D372837D0D40012CA7C /* DateTableViewCell.swift in Sources */,
				ADE68060283226CE00B734C9 /* HistoryListTableViewCell.swift in Sources */,
				16247FCC2832843B00D885B3 /* Date+Moton.swift in Sources */,
				ADE6805C2832269900B734C9 /* ScheduleListTableViewCell.swift in Sources */,
				4F9EA8F328315E2300CE6920 /* JournalViewController.swift in Sources */,
			);
			runOnlyForDeploymentPostprocessing = 0;
		};
/* End PBXSourcesBuildPhase section */

/* Begin PBXVariantGroup section */
		1618D8D5282FF874009DC3AF /* Main.storyboard */ = {
			isa = PBXVariantGroup;
			children = (
				1618D8D6282FF874009DC3AF /* Base */,
			);
			name = Main.storyboard;
			sourceTree = "<group>";
		};
		1618D8DD282FF876009DC3AF /* LaunchScreen.storyboard */ = {
			isa = PBXVariantGroup;
			children = (
				1618D8DE282FF876009DC3AF /* Base */,
			);
			name = LaunchScreen.storyboard;
			sourceTree = "<group>";
		};
/* End PBXVariantGroup section */

/* Begin XCBuildConfiguration section */
		1618D8E1282FF876009DC3AF /* Debug */ = {
			isa = XCBuildConfiguration;
			buildSettings = {
				ALWAYS_SEARCH_USER_PATHS = NO;
				CLANG_ANALYZER_NONNULL = YES;
				CLANG_ANALYZER_NUMBER_OBJECT_CONVERSION = YES_AGGRESSIVE;
				CLANG_CXX_LANGUAGE_STANDARD = "gnu++17";
				CLANG_ENABLE_MODULES = YES;
				CLANG_ENABLE_OBJC_ARC = YES;
				CLANG_ENABLE_OBJC_WEAK = YES;
				CLANG_WARN_BLOCK_CAPTURE_AUTORELEASING = YES;
				CLANG_WARN_BOOL_CONVERSION = YES;
				CLANG_WARN_COMMA = YES;
				CLANG_WARN_CONSTANT_CONVERSION = YES;
				CLANG_WARN_DEPRECATED_OBJC_IMPLEMENTATIONS = YES;
				CLANG_WARN_DIRECT_OBJC_ISA_USAGE = YES_ERROR;
				CLANG_WARN_DOCUMENTATION_COMMENTS = YES;
				CLANG_WARN_EMPTY_BODY = YES;
				CLANG_WARN_ENUM_CONVERSION = YES;
				CLANG_WARN_INFINITE_RECURSION = YES;
				CLANG_WARN_INT_CONVERSION = YES;
				CLANG_WARN_NON_LITERAL_NULL_CONVERSION = YES;
				CLANG_WARN_OBJC_IMPLICIT_RETAIN_SELF = YES;
				CLANG_WARN_OBJC_LITERAL_CONVERSION = YES;
				CLANG_WARN_OBJC_ROOT_CLASS = YES_ERROR;
				CLANG_WARN_QUOTED_INCLUDE_IN_FRAMEWORK_HEADER = YES;
				CLANG_WARN_RANGE_LOOP_ANALYSIS = YES;
				CLANG_WARN_STRICT_PROTOTYPES = YES;
				CLANG_WARN_SUSPICIOUS_MOVE = YES;
				CLANG_WARN_UNGUARDED_AVAILABILITY = YES_AGGRESSIVE;
				CLANG_WARN_UNREACHABLE_CODE = YES;
				CLANG_WARN__DUPLICATE_METHOD_MATCH = YES;
				COPY_PHASE_STRIP = NO;
				DEBUG_INFORMATION_FORMAT = dwarf;
				ENABLE_STRICT_OBJC_MSGSEND = YES;
				ENABLE_TESTABILITY = YES;
				GCC_C_LANGUAGE_STANDARD = gnu11;
				GCC_DYNAMIC_NO_PIC = NO;
				GCC_NO_COMMON_BLOCKS = YES;
				GCC_OPTIMIZATION_LEVEL = 0;
				GCC_PREPROCESSOR_DEFINITIONS = (
					"DEBUG=1",
					"$(inherited)",
				);
				GCC_WARN_64_TO_32_BIT_CONVERSION = YES;
				GCC_WARN_ABOUT_RETURN_TYPE = YES_ERROR;
				GCC_WARN_UNDECLARED_SELECTOR = YES;
				GCC_WARN_UNINITIALIZED_AUTOS = YES_AGGRESSIVE;
				GCC_WARN_UNUSED_FUNCTION = YES;
				GCC_WARN_UNUSED_VARIABLE = YES;
				IPHONEOS_DEPLOYMENT_TARGET = 15.4;
				MTL_ENABLE_DEBUG_INFO = INCLUDE_SOURCE;
				MTL_FAST_MATH = YES;
				ONLY_ACTIVE_ARCH = YES;
				SDKROOT = iphoneos;
				SWIFT_ACTIVE_COMPILATION_CONDITIONS = DEBUG;
				SWIFT_OPTIMIZATION_LEVEL = "-Onone";
			};
			name = Debug;
		};
		1618D8E2282FF876009DC3AF /* Release */ = {
			isa = XCBuildConfiguration;
			buildSettings = {
				ALWAYS_SEARCH_USER_PATHS = NO;
				CLANG_ANALYZER_NONNULL = YES;
				CLANG_ANALYZER_NUMBER_OBJECT_CONVERSION = YES_AGGRESSIVE;
				CLANG_CXX_LANGUAGE_STANDARD = "gnu++17";
				CLANG_ENABLE_MODULES = YES;
				CLANG_ENABLE_OBJC_ARC = YES;
				CLANG_ENABLE_OBJC_WEAK = YES;
				CLANG_WARN_BLOCK_CAPTURE_AUTORELEASING = YES;
				CLANG_WARN_BOOL_CONVERSION = YES;
				CLANG_WARN_COMMA = YES;
				CLANG_WARN_CONSTANT_CONVERSION = YES;
				CLANG_WARN_DEPRECATED_OBJC_IMPLEMENTATIONS = YES;
				CLANG_WARN_DIRECT_OBJC_ISA_USAGE = YES_ERROR;
				CLANG_WARN_DOCUMENTATION_COMMENTS = YES;
				CLANG_WARN_EMPTY_BODY = YES;
				CLANG_WARN_ENUM_CONVERSION = YES;
				CLANG_WARN_INFINITE_RECURSION = YES;
				CLANG_WARN_INT_CONVERSION = YES;
				CLANG_WARN_NON_LITERAL_NULL_CONVERSION = YES;
				CLANG_WARN_OBJC_IMPLICIT_RETAIN_SELF = YES;
				CLANG_WARN_OBJC_LITERAL_CONVERSION = YES;
				CLANG_WARN_OBJC_ROOT_CLASS = YES_ERROR;
				CLANG_WARN_QUOTED_INCLUDE_IN_FRAMEWORK_HEADER = YES;
				CLANG_WARN_RANGE_LOOP_ANALYSIS = YES;
				CLANG_WARN_STRICT_PROTOTYPES = YES;
				CLANG_WARN_SUSPICIOUS_MOVE = YES;
				CLANG_WARN_UNGUARDED_AVAILABILITY = YES_AGGRESSIVE;
				CLANG_WARN_UNREACHABLE_CODE = YES;
				CLANG_WARN__DUPLICATE_METHOD_MATCH = YES;
				COPY_PHASE_STRIP = NO;
				DEBUG_INFORMATION_FORMAT = "dwarf-with-dsym";
				ENABLE_NS_ASSERTIONS = NO;
				ENABLE_STRICT_OBJC_MSGSEND = YES;
				GCC_C_LANGUAGE_STANDARD = gnu11;
				GCC_NO_COMMON_BLOCKS = YES;
				GCC_WARN_64_TO_32_BIT_CONVERSION = YES;
				GCC_WARN_ABOUT_RETURN_TYPE = YES_ERROR;
				GCC_WARN_UNDECLARED_SELECTOR = YES;
				GCC_WARN_UNINITIALIZED_AUTOS = YES_AGGRESSIVE;
				GCC_WARN_UNUSED_FUNCTION = YES;
				GCC_WARN_UNUSED_VARIABLE = YES;
				IPHONEOS_DEPLOYMENT_TARGET = 15.4;
				MTL_ENABLE_DEBUG_INFO = NO;
				MTL_FAST_MATH = YES;
				SDKROOT = iphoneos;
				SWIFT_COMPILATION_MODE = wholemodule;
				SWIFT_OPTIMIZATION_LEVEL = "-O";
				VALIDATE_PRODUCT = YES;
			};
			name = Release;
		};
		1618D8E4282FF876009DC3AF /* Debug */ = {
			isa = XCBuildConfiguration;
			buildSettings = {
				ASSETCATALOG_COMPILER_APPICON_NAME = AppIcon;
				ASSETCATALOG_COMPILER_GLOBAL_ACCENT_COLOR_NAME = AccentColor;
				CODE_SIGN_STYLE = Automatic;
				CURRENT_PROJECT_VERSION = 1;
				DEVELOPMENT_TEAM = 6QG5DSTZ27;
				GENERATE_INFOPLIST_FILE = YES;
				INFOPLIST_FILE = Moton/Info.plist;
				INFOPLIST_KEY_UIApplicationSupportsIndirectInputEvents = YES;
				INFOPLIST_KEY_UILaunchStoryboardName = LaunchScreen;
				INFOPLIST_KEY_UIMainStoryboardFile = Main;
				INFOPLIST_KEY_UISupportedInterfaceOrientations_iPad = "UIInterfaceOrientationPortrait UIInterfaceOrientationPortraitUpsideDown UIInterfaceOrientationLandscapeLeft UIInterfaceOrientationLandscapeRight";
				INFOPLIST_KEY_UISupportedInterfaceOrientations_iPhone = "UIInterfaceOrientationPortrait UIInterfaceOrientationLandscapeLeft UIInterfaceOrientationLandscapeRight";
				LD_RUNPATH_SEARCH_PATHS = (
					"$(inherited)",
					"@executable_path/Frameworks",
				);
				MARKETING_VERSION = 1.0;
				PRODUCT_BUNDLE_IDENTIFIER = com.sempoerna.Moton;
				PRODUCT_NAME = "$(TARGET_NAME)";
				SWIFT_EMIT_LOC_STRINGS = YES;
				SWIFT_VERSION = 5.0;
				TARGETED_DEVICE_FAMILY = "1,2";
			};
			name = Debug;
		};
		1618D8E5282FF876009DC3AF /* Release */ = {
			isa = XCBuildConfiguration;
			buildSettings = {
				ASSETCATALOG_COMPILER_APPICON_NAME = AppIcon;
				ASSETCATALOG_COMPILER_GLOBAL_ACCENT_COLOR_NAME = AccentColor;
				CODE_SIGN_STYLE = Automatic;
				CURRENT_PROJECT_VERSION = 1;
				DEVELOPMENT_TEAM = 6QG5DSTZ27;
				GENERATE_INFOPLIST_FILE = YES;
				INFOPLIST_FILE = Moton/Info.plist;
				INFOPLIST_KEY_UIApplicationSupportsIndirectInputEvents = YES;
				INFOPLIST_KEY_UILaunchStoryboardName = LaunchScreen;
				INFOPLIST_KEY_UIMainStoryboardFile = Main;
				INFOPLIST_KEY_UISupportedInterfaceOrientations_iPad = "UIInterfaceOrientationPortrait UIInterfaceOrientationPortraitUpsideDown UIInterfaceOrientationLandscapeLeft UIInterfaceOrientationLandscapeRight";
				INFOPLIST_KEY_UISupportedInterfaceOrientations_iPhone = "UIInterfaceOrientationPortrait UIInterfaceOrientationLandscapeLeft UIInterfaceOrientationLandscapeRight";
				LD_RUNPATH_SEARCH_PATHS = (
					"$(inherited)",
					"@executable_path/Frameworks",
				);
				MARKETING_VERSION = 1.0;
				PRODUCT_BUNDLE_IDENTIFIER = com.sempoerna.Moton;
				PRODUCT_NAME = "$(TARGET_NAME)";
				SWIFT_EMIT_LOC_STRINGS = YES;
				SWIFT_VERSION = 5.0;
				TARGETED_DEVICE_FAMILY = "1,2";
			};
			name = Release;
		};
/* End XCBuildConfiguration section */

/* Begin XCConfigurationList section */
		1618D8C7282FF874009DC3AF /* Build configuration list for PBXProject "Moton" */ = {
			isa = XCConfigurationList;
			buildConfigurations = (
				1618D8E1282FF876009DC3AF /* Debug */,
				1618D8E2282FF876009DC3AF /* Release */,
			);
			defaultConfigurationIsVisible = 0;
			defaultConfigurationName = Release;
		};
		1618D8E3282FF876009DC3AF /* Build configuration list for PBXNativeTarget "Moton" */ = {
			isa = XCConfigurationList;
			buildConfigurations = (
				1618D8E4282FF876009DC3AF /* Debug */,
				1618D8E5282FF876009DC3AF /* Release */,
			);
			defaultConfigurationIsVisible = 0;
			defaultConfigurationName = Release;
		};
/* End XCConfigurationList section */

/* Begin XCVersionGroup section */
		1618D8D8282FF874009DC3AF /* Moton.xcdatamodeld */ = {
			isa = XCVersionGroup;
			children = (
				1618D8D9282FF874009DC3AF /* Moton.xcdatamodel */,
			);
			currentVersion = 1618D8D9282FF874009DC3AF /* Moton.xcdatamodel */;
			path = Moton.xcdatamodeld;
			sourceTree = "<group>";
			versionGroupType = wrapper.xcdatamodel;
		};
/* End XCVersionGroup section */
	};
	rootObject = 1618D8C4282FF874009DC3AF /* Project object */;
}
